# This file is autogenerated, do not edit; changes may be undone by the next 'dep ensure'.


[[projects]]
  digest = "1:f02850a087818d0200334ff2a4c33a30750a8c45f7f2ddcc3d52bb20aa0e798b"
  name = "github.com/PuerkitoBio/goquery"
  packages = ["."]
  pruneopts = "UT"
  revision = "1b16b92ddf27ae338f7f162d5e4316b31bccdb8e"
  version = "v1.5.1"

[[projects]]
  digest = "1:24ffaa1636eba8f0cfc7671121d05a9a2040605adb1927a93be88fbc2ea6cfdb"
  name = "github.com/andybalholm/cascadia"
  packages = ["."]
  pruneopts = "UT"
  revision = "b69f6c92dfc187ebfe3914df716c2647a3af0ba0"
  version = "v1.1.0"

[[projects]]
  digest = "1:74e9f26a2696bc0634ff665f7fb5fd26907000e64a67428472451cfba1155a96"
  name = "github.com/aws/aws-sdk-go-v2"
  packages = [
    "aws",
    "aws/awserr",
    "aws/defaults",
    "aws/ec2metadata",
    "aws/ec2rolecreds",
    "aws/endpointcreds",
    "aws/endpoints",
    "aws/external",
    "aws/processcreds",
    "aws/ratelimit",
    "aws/retry",
    "aws/signer/v4",
    "aws/stscreds",
    "internal/awsutil",
    "internal/ini",
    "internal/rand",
    "internal/sdk",
    "internal/sdkio",
    "internal/sync/singleflight",
    "internal/timeconv",
    "private/protocol",
    "private/protocol/query",
    "private/protocol/query/queryutil",
    "private/protocol/rest",
    "private/protocol/xml/xmlutil",
    "service/sqs",
    "service/sts",
    "service/sts/stsiface",
  ]
  pruneopts = "UT"
  revision = "29305320aa4b0342bc8244736124f703c7930f56"
  version = "v0.20.0"

[[projects]]
  digest = "1:586ea76dbd0374d6fb649a91d70d652b7fe0ccffb8910a77468e7702e7901f3d"
  name = "github.com/go-stack/stack"
  packages = ["."]
  pruneopts = "UT"
  revision = "2fee6af1a9795aafbe0253a0cfbdf668e1fb8a9a"
  version = "v1.8.0"

[[projects]]
  branch = "master"
  digest = "1:700b1e527116332847452edf9febc0c252c026785a8c3cfa3f68a8eeffb09ee8"
  name = "github.com/golang/snappy"
  packages = ["."]
  pruneopts = "UT"
  revision = "ff6b7dc882cf4cfba7ee0b9f7dcc1ac096c554aa"

[[projects]]
  digest = "1:bb81097a5b62634f3e9fec1014657855610c82d19b9a40c17612e32651e35dca"
  name = "github.com/jmespath/go-jmespath"
  packages = ["."]
  pruneopts = "UT"
  revision = "c2b33e84"

[[projects]]
  digest = "1:093b96fbb3db40828ecf711043048e8a3c4191fe7a7c10367db736427390f0b2"
  name = "github.com/klauspost/compress"
  packages = [
    "fse",
    "huff0",
    "snappy",
    "zstd",
    "zstd/internal/xxhash",
  ]
  pruneopts = "UT"
  revision = "e2d2089232ece4911272106ae65a7a06746ea38a"
  version = "v1.10.4"

[[projects]]
  digest = "1:9e1d37b58d17113ec3cb5608ac0382313c5b59470b94ed97d0976e69c7022314"
  name = "github.com/pkg/errors"
  packages = ["."]
  pruneopts = "UT"
  revision = "614d223910a179a466c1767a985424175c39b465"
  version = "v0.9.1"

[[projects]]
  branch = "master"
  digest = "1:40fdfd6ab85ca32b6935853bbba35935dcb1d796c8135efd85947566c76e662e"
  name = "github.com/xdg/scram"
  packages = ["."]
  pruneopts = "UT"
  revision = "7eeb5667e42c09cb51bf7b7c28aea8c56767da90"

[[projects]]
  branch = "master"
  digest = "1:f5c1d04bc09c644c592b45b9f0bad4030521b1a7d11c7dadbb272d9439fa6e8e"
  name = "github.com/xdg/stringprep"
  packages = ["."]
  pruneopts = "UT"
  revision = "73f8eece6fdcd902c185bf651de50f3828bed5ed"

[[projects]]
  digest = "1:69bfe5ee56ac436a74298c8be4642907c84da2f4be05067799d1f1fc53fe8e84"
  name = "go.mongodb.org/mongo-driver"
  packages = [
    "bson",
    "bson/bsoncodec",
    "bson/bsonoptions",
    "bson/bsonrw",
    "bson/bsontype",
    "bson/primitive",
    "event",
    "internal",
    "mongo",
    "mongo/options",
    "mongo/readconcern",
    "mongo/readpref",
    "mongo/writeconcern",
    "tag",
    "version",
    "x/bsonx",
    "x/bsonx/bsoncore",
    "x/mongo/driver",
    "x/mongo/driver/address",
    "x/mongo/driver/auth",
    "x/mongo/driver/auth/internal/gssapi",
    "x/mongo/driver/connstring",
    "x/mongo/driver/description",
    "x/mongo/driver/dns",
    "x/mongo/driver/mongocrypt",
    "x/mongo/driver/mongocrypt/options",
    "x/mongo/driver/operation",
    "x/mongo/driver/session",
    "x/mongo/driver/topology",
    "x/mongo/driver/uuid",
    "x/mongo/driver/wiremessage",
  ]
  pruneopts = "UT"
  revision = "dbe9cee06654c7d19e291eb74b9da49b4c6a0fd4"
  version = "v1.3.2"

[[projects]]
  branch = "master"
  digest = "1:f92f6956e4059f6a3efc14924d2dd58ba90da25cc57fe07ae3779ef2f5e0c5f2"
  name = "golang.org/x/crypto"
  packages = ["pbkdf2"]
  pruneopts = "UT"
  revision = "3c4aac89819a5fdc28d906456729d3423fd46969"

[[projects]]
  branch = "master"
  digest = "1:3403849330a8ab0adfff079dc6c6ad7bd8961a4a6891d05b9797063b4024f623"
  name = "golang.org/x/lint"
  packages = [
    ".",
    "golint",
  ]
  pruneopts = "UT"
  revision = "738671d3881b9731cc63024d5d88cf28db875626"

[[projects]]
  branch = "master"
  digest = "1:ca901dc31bf65bcdf4ceb1b9b83292ea7b71bf9e4e22a807093900c737e1d960"
  name = "golang.org/x/net"
  packages = [
    "html",
    "html/atom",
  ]
  pruneopts = "UT"
  revision = "d3edc9973b7eb1fb302b0ff2c62357091cea9a30"

[[projects]]
  branch = "master"
  digest = "1:4692f916cb72b2c295f04841036d85a3f13e96d1cc9e8e4c2c30edebac518053"
  name = "golang.org/x/sync"
  packages = ["semaphore"]
  pruneopts = "UT"
  revision = "43a5402ce75a95522677f77c619865d66b8c57ab"

[[projects]]
  digest = "1:1093f2eb4b344996604f7d8b29a16c5b22ab9e1b25652140d3fede39f640d5cd"
  name = "golang.org/x/text"
  packages = [
    "internal/gen",
    "internal/triegen",
    "internal/ucd",
    "transform",
    "unicode/cldr",
    "unicode/norm",
  ]
  pruneopts = "UT"
  revision = "342b2e1fbaa52c93f31447ad2c6abc048c63e475"
  version = "v0.3.2"

[[projects]]
  branch = "master"
  digest = "1:1050c11c1d756701b8a247428e7af6cdc4f45b5bca163ae8b9c78ea0e2455e87"
  name = "golang.org/x/tools"
  packages = [
    "go/ast/astutil",
    "go/gcexportdata",
    "go/internal/gcimporter",
    "go/types/typeutil",
  ]
  pruneopts = "UT"
  revision = "7504fd22198d4a6fed994e56ae6795888bb880e4"

[solve-meta]
  analyzer-name = "dep"
  analyzer-version = 1
  input-imports = [
    "github.com/PuerkitoBio/goquery",
    "github.com/aws/aws-sdk-go-v2/aws",
    "github.com/aws/aws-sdk-go-v2/aws/external",
    "github.com/aws/aws-sdk-go-v2/service/sqs",
    "go.mongodb.org/mongo-driver/mongo",
    "go.mongodb.org/mongo-driver/mongo/options",
    "golang.org/x/lint/golint",
  ]
  solver-name = "gps-cdcl"
  solver-version = 1
